// !$*UTF8*$!
{
	archiveVersion = 1;
	classes = {
	};
	objectVersion = 46;
	objects = {

/* Begin PBXBuildFile section */
		6AEC491F1DD834A9005AEDB4 /* main.m in Sources */ = {isa = PBXBuildFile; fileRef = 6AEC491E1DD834A9005AEDB4 /* main.m */; };
		6AEC49221DD834A9005AEDB4 /* AppDelegate.m in Sources */ = {isa = PBXBuildFile; fileRef = 6AEC49211DD834A9005AEDB4 /* AppDelegate.m */; };
		6AEC49251DD834A9005AEDB4 /* ViewController.m in Sources */ = {isa = PBXBuildFile; fileRef = 6AEC49241DD834A9005AEDB4 /* ViewController.m */; };
		6AEC49281DD834A9005AEDB4 /* Main.storyboard in Resources */ = {isa = PBXBuildFile; fileRef = 6AEC49261DD834A9005AEDB4 /* Main.storyboard */; };
		6AEC492A1DD834A9005AEDB4 /* Assets.xcassets in Resources */ = {isa = PBXBuildFile; fileRef = 6AEC49291DD834A9005AEDB4 /* Assets.xcassets */; };
		6AEC492D1DD834A9005AEDB4 /* LaunchScreen.storyboard in Resources */ = {isa = PBXBuildFile; fileRef = 6AEC492B1DD834A9005AEDB4 /* LaunchScreen.storyboard */; };
		6AEC49381DD834A9005AEDB4 /* ZFTests.m in Sources */ = {isa = PBXBuildFile; fileRef = 6AEC49371DD834A9005AEDB4 /* ZFTests.m */; };
		6AEC49431DD834A9005AEDB4 /* ZFUITests.m in Sources */ = {isa = PBXBuildFile; fileRef = 6AEC49421DD834A9005AEDB4 /* ZFUITests.m */; };
		6AEC49591DD83CBE005AEDB4 /* FirstViewController.m in Sources */ = {isa = PBXBuildFile; fileRef = 6AEC49571DD83CBE005AEDB4 /* FirstViewController.m */; };
		6AEC495A1DD83CBE005AEDB4 /* FirstViewController.xib in Resources */ = {isa = PBXBuildFile; fileRef = 6AEC49581DD83CBE005AEDB4 /* FirstViewController.xib */; };
		6AEC495C1DD84C47005AEDB4 /* SecondViewController.xib in Resources */ = {isa = PBXBuildFile; fileRef = 6AEC495B1DD84C47005AEDB4 /* SecondViewController.xib */; };
		6AEC495F1DD84E0B005AEDB4 /* SecondViewController.m in Sources */ = {isa = PBXBuildFile; fileRef = 6AEC495E1DD84E0B005AEDB4 /* SecondViewController.m */; };
		6AEC49631DD85851005AEDB4 /* ThirdViewController.m in Sources */ = {isa = PBXBuildFile; fileRef = 6AEC49611DD85851005AEDB4 /* ThirdViewController.m */; };
		6AEC49641DD85851005AEDB4 /* ThirdViewController.xib in Resources */ = {isa = PBXBuildFile; fileRef = 6AEC49621DD85851005AEDB4 /* ThirdViewController.xib */; };
		6AEC49661DD87295005AEDB4 /* ForthViewController.xib in Resources */ = {isa = PBXBuildFile; fileRef = 6AEC49651DD87295005AEDB4 /* ForthViewController.xib */; };
		6AEC49691DD872DE005AEDB4 /* ForthViewController.m in Sources */ = {isa = PBXBuildFile; fileRef = 6AEC49681DD872DE005AEDB4 /* ForthViewController.m */; };
		6AEC496C1DD873E8005AEDB4 /* FifthViewController.m in Sources */ = {isa = PBXBuildFile; fileRef = 6AEC496B1DD873E8005AEDB4 /* FifthViewController.m */; };
/* End PBXBuildFile section */

/* Begin PBXContainerItemProxy section */
		6AEC49341DD834A9005AEDB4 /* PBXContainerItemProxy */ = {
			isa = PBXContainerItemProxy;
			containerPortal = 6AEC49121DD834A9005AEDB4 /* Project object */;
			proxyType = 1;
			remoteGlobalIDString = 6AEC49191DD834A9005AEDB4;
			remoteInfo = ZF;
		};
		6AEC493F1DD834A9005AEDB4 /* PBXContainerItemProxy */ = {
			isa = PBXContainerItemProxy;
			containerPortal = 6AEC49121DD834A9005AEDB4 /* Project object */;
			proxyType = 1;
			remoteGlobalIDString = 6AEC49191DD834A9005AEDB4;
			remoteInfo = ZF;
		};
/* End PBXContainerItemProxy section */

/* Begin PBXFileReference section */
		6AEC491A1DD834A9005AEDB4 /* ZF.app */ = {isa = PBXFileReference; explicitFileType = wrapper.application; includeInIndex = 0; path = ZF.app; sourceTree = BUILT_PRODUCTS_DIR; };
		6AEC491E1DD834A9005AEDB4 /* main.m */ = {isa = PBXFileReference; lastKnownFileType = sourcecode.c.objc; path = main.m; sourceTree = "<group>"; };
		6AEC49201DD834A9005AEDB4 /* AppDelegate.h */ = {isa = PBXFileReference; lastKnownFileType = sourcecode.c.h; path = AppDelegate.h; sourceTree = "<group>"; };
		6AEC49211DD834A9005AEDB4 /* AppDelegate.m */ = {isa = PBXFileReference; lastKnownFileType = sourcecode.c.objc; path = AppDelegate.m; sourceTree = "<group>"; };
		6AEC49231DD834A9005AEDB4 /* ViewController.h */ = {isa = PBXFileReference; lastKnownFileType = sourcecode.c.h; path = ViewController.h; sourceTree = "<group>"; };
		6AEC49241DD834A9005AEDB4 /* ViewController.m */ = {isa = PBXFileReference; lastKnownFileType = sourcecode.c.objc; path = ViewController.m; sourceTree = "<group>"; };
		6AEC49271DD834A9005AEDB4 /* Base */ = {isa = PBXFileReference; lastKnownFileType = file.storyboard; name = Base; path = Base.lproj/Main.storyboard; sourceTree = "<group>"; };
		6AEC49291DD834A9005AEDB4 /* Assets.xcassets */ = {isa = PBXFileReference; lastKnownFileType = folder.assetcatalog; path = Assets.xcassets; sourceTree = "<group>"; };
		6AEC492C1DD834A9005AEDB4 /* Base */ = {isa = PBXFileReference; lastKnownFileType = file.storyboard; name = Base; path = Base.lproj/LaunchScreen.storyboard; sourceTree = "<group>"; };
		6AEC492E1DD834A9005AEDB4 /* Info.plist */ = {isa = PBXFileReference; lastKnownFileType = text.plist.xml; path = Info.plist; sourceTree = "<group>"; };
		6AEC49331DD834A9005AEDB4 /* ZFTests.xctest */ = {isa = PBXFileReference; explicitFileType = wrapper.cfbundle; includeInIndex = 0; path = ZFTests.xctest; sourceTree = BUILT_PRODUCTS_DIR; };
		6AEC49371DD834A9005AEDB4 /* ZFTests.m */ = {isa = PBXFileReference; lastKnownFileType = sourcecode.c.objc; path = ZFTests.m; sourceTree = "<group>"; };
		6AEC49391DD834A9005AEDB4 /* Info.plist */ = {isa = PBXFileReference; lastKnownFileType = text.plist.xml; path = Info.plist; sourceTree = "<group>"; };
		6AEC493E1DD834A9005AEDB4 /* ZFUITests.xctest */ = {isa = PBXFileReference; explicitFileType = wrapper.cfbundle; includeInIndex = 0; path = ZFUITests.xctest; sourceTree = BUILT_PRODUCTS_DIR; };
		6AEC49421DD834A9005AEDB4 /* ZFUITests.m */ = {isa = PBXFileReference; lastKnownFileType = sourcecode.c.objc; path = ZFUITests.m; sourceTree = "<group>"; };
		6AEC49441DD834A9005AEDB4 /* Info.plist */ = {isa = PBXFileReference; lastKnownFileType = text.plist.xml; path = Info.plist; sourceTree = "<group>"; };
		6AEC49561DD83CBE005AEDB4 /* FirstViewController.h */ = {isa = PBXFileReference; fileEncoding = 4; lastKnownFileType = sourcecode.c.h; path = FirstViewController.h; sourceTree = "<group>"; };
		6AEC49571DD83CBE005AEDB4 /* FirstViewController.m */ = {isa = PBXFileReference; fileEncoding = 4; lastKnownFileType = sourcecode.c.objc; path = FirstViewController.m; sourceTree = "<group>"; };
		6AEC49581DD83CBE005AEDB4 /* FirstViewController.xib */ = {isa = PBXFileReference; fileEncoding = 4; lastKnownFileType = file.xib; path = FirstViewController.xib; sourceTree = "<group>"; };
		6AEC495B1DD84C47005AEDB4 /* SecondViewController.xib */ = {isa = PBXFileReference; fileEncoding = 4; lastKnownFileType = file.xib; path = SecondViewController.xib; sourceTree = "<group>"; };
		6AEC495D1DD84E0B005AEDB4 /* SecondViewController.h */ = {isa = PBXFileReference; fileEncoding = 4; lastKnownFileType = sourcecode.c.h; path = SecondViewController.h; sourceTree = "<group>"; };
		6AEC495E1DD84E0B005AEDB4 /* SecondViewController.m */ = {isa = PBXFileReference; fileEncoding = 4; lastKnownFileType = sourcecode.c.objc; path = SecondViewController.m; sourceTree = "<group>"; };
		6AEC49601DD85851005AEDB4 /* ThirdViewController.h */ = {isa = PBXFileReference; fileEncoding = 4; lastKnownFileType = sourcecode.c.h; path = ThirdViewController.h; sourceTree = "<group>"; };
		6AEC49611DD85851005AEDB4 /* ThirdViewController.m */ = {isa = PBXFileReference; fileEncoding = 4; lastKnownFileType = sourcecode.c.objc; path = ThirdViewController.m; sourceTree = "<group>"; };
		6AEC49621DD85851005AEDB4 /* ThirdViewController.xib */ = {isa = PBXFileReference; fileEncoding = 4; lastKnownFileType = file.xib; path = ThirdViewController.xib; sourceTree = "<group>"; };
		6AEC49651DD87295005AEDB4 /* ForthViewController.xib */ = {isa = PBXFileReference; fileEncoding = 4; lastKnownFileType = file.xib; path = ForthViewController.xib; sourceTree = "<group>"; };
		6AEC49671DD872DE005AEDB4 /* ForthViewController.h */ = {isa = PBXFileReference; fileEncoding = 4; lastKnownFileType = sourcecode.c.h; path = ForthViewController.h; sourceTree = "<group>"; };
		6AEC49681DD872DE005AEDB4 /* ForthViewController.m */ = {isa = PBXFileReference; fileEncoding = 4; lastKnownFileType = sourcecode.c.objc; path = ForthViewController.m; sourceTree = "<group>"; };
		6AEC496A1DD873E8005AEDB4 /* FifthViewController.h */ = {isa = PBXFileReference; fileEncoding = 4; lastKnownFileType = sourcecode.c.h; path = FifthViewController.h; sourceTree = "<group>"; };
		6AEC496B1DD873E8005AEDB4 /* FifthViewController.m */ = {isa = PBXFileReference; fileEncoding = 4; lastKnownFileType = sourcecode.c.objc; path = FifthViewController.m; sourceTree = "<group>"; };
/* End PBXFileReference section */

/* Begin PBXFrameworksBuildPhase section */
		6AEC49171DD834A9005AEDB4 /* Frameworks */ = {
			isa = PBXFrameworksBuildPhase;
			buildActionMask = 2147483647;
			files = (
			);
			runOnlyForDeploymentPostprocessing = 0;
		};
		6AEC49301DD834A9005AEDB4 /* Frameworks */ = {
			isa = PBXFrameworksBuildPhase;
			buildActionMask = 2147483647;
			files = (
			);
			runOnlyForDeploymentPostprocessing = 0;
		};
		6AEC493B1DD834A9005AEDB4 /* Frameworks */ = {
			isa = PBXFrameworksBuildPhase;
			buildActionMask = 2147483647;
			files = (
			);
			runOnlyForDeploymentPostprocessing = 0;
		};
/* End PBXFrameworksBuildPhase section */

/* Begin PBXGroup section */
		6AEC49111DD834A9005AEDB4 = {
			isa = PBXGroup;
			children = (
				6AEC491C1DD834A9005AEDB4 /* ZF */,
				6AEC49361DD834A9005AEDB4 /* ZFTests */,
				6AEC49411DD834A9005AEDB4 /* ZFUITests */,
				6AEC491B1DD834A9005AEDB4 /* Products */,
			);
			sourceTree = "<group>";
		};
		6AEC491B1DD834A9005AEDB4 /* Products */ = {
			isa = PBXGroup;
			children = (
				6AEC491A1DD834A9005AEDB4 /* ZF.app */,
				6AEC49331DD834A9005AEDB4 /* ZFTests.xctest */,
				6AEC493E1DD834A9005AEDB4 /* ZFUITests.xctest */,
			);
			name = Products;
			sourceTree = "<group>";
		};
		6AEC491C1DD834A9005AEDB4 /* ZF */ = {
			isa = PBXGroup;
			children = (
				6AEC49201DD834A9005AEDB4 /* AppDelegate.h */,
				6AEC49211DD834A9005AEDB4 /* AppDelegate.m */,
				6AEC49231DD834A9005AEDB4 /* ViewController.h */,
				6AEC49241DD834A9005AEDB4 /* ViewController.m */,
				6AEC49261DD834A9005AEDB4 /* Main.storyboard */,
				6AEC49291DD834A9005AEDB4 /* Assets.xcassets */,
				6AEC492B1DD834A9005AEDB4 /* LaunchScreen.storyboard */,
				6AEC492E1DD834A9005AEDB4 /* Info.plist */,
				6AEC491D1DD834A9005AEDB4 /* Supporting Files */,
				6AEC49561DD83CBE005AEDB4 /* FirstViewController.h */,
				6AEC49571DD83CBE005AEDB4 /* FirstViewController.m */,
				6AEC49581DD83CBE005AEDB4 /* FirstViewController.xib */,
				6AEC495D1DD84E0B005AEDB4 /* SecondViewController.h */,
				6AEC495E1DD84E0B005AEDB4 /* SecondViewController.m */,
				6AEC495B1DD84C47005AEDB4 /* SecondViewController.xib */,
				6AEC49601DD85851005AEDB4 /* ThirdViewController.h */,
				6AEC49611DD85851005AEDB4 /* ThirdViewController.m */,
				6AEC49621DD85851005AEDB4 /* ThirdViewController.xib */,
				6AEC49651DD87295005AEDB4 /* ForthViewController.xib */,
				6AEC49671DD872DE005AEDB4 /* ForthViewController.h */,
				6AEC49681DD872DE005AEDB4 /* ForthViewController.m */,
				6AEC496A1DD873E8005AEDB4 /* FifthViewController.h */,
				6AEC496B1DD873E8005AEDB4 /* FifthViewController.m */,
			);
			path = ZF;
			sourceTree = "<group>";
		};
		6AEC491D1DD834A9005AEDB4 /* Supporting Files */ = {
			isa = PBXGroup;
			children = (
				6AEC491E1DD834A9005AEDB4 /* main.m */,
			);
			name = "Supporting Files";
			sourceTree = "<group>";
		};
		6AEC49361DD834A9005AEDB4 /* ZFTests */ = {
			isa = PBXGroup;
			children = (
				6AEC49371DD834A9005AEDB4 /* ZFTests.m */,
				6AEC49391DD834A9005AEDB4 /* Info.plist */,
			);
			path = ZFTests;
			sourceTree = "<group>";
		};
		6AEC49411DD834A9005AEDB4 /* ZFUITests */ = {
			isa = PBXGroup;
			children = (
				6AEC49421DD834A9005AEDB4 /* ZFUITests.m */,
				6AEC49441DD834A9005AEDB4 /* Info.plist */,
			);
			path = ZFUITests;
			sourceTree = "<group>";
		};
/* End PBXGroup section */

/* Begin PBXNativeTarget section */
		6AEC49191DD834A9005AEDB4 /* ZF */ = {
			isa = PBXNativeTarget;
			buildConfigurationList = 6AEC49471DD834A9005AEDB4 /* Build configuration list for PBXNativeTarget "ZF" */;
			buildPhases = (
				6AEC49161DD834A9005AEDB4 /* Sources */,
				6AEC49171DD834A9005AEDB4 /* Frameworks */,
				6AEC49181DD834A9005AEDB4 /* Resources */,
			);
			buildRules = (
			);
			dependencies = (
			);
			name = ZF;
			productName = ZF;
			productReference = 6AEC491A1DD834A9005AEDB4 /* ZF.app */;
			productType = "com.apple.product-type.application";
		};
		6AEC49321DD834A9005AEDB4 /* ZFTests */ = {
			isa = PBXNativeTarget;
			buildConfigurationList = 6AEC494A1DD834A9005AEDB4 /* Build configuration list for PBXNativeTarget "ZFTests" */;
			buildPhases = (
				6AEC492F1DD834A9005AEDB4 /* Sources */,
				6AEC49301DD834A9005AEDB4 /* Frameworks */,
				6AEC49311DD834A9005AEDB4 /* Resources */,
			);
			buildRules = (
			);
			dependencies = (
				6AEC49351DD834A9005AEDB4 /* PBXTargetDependency */,
			);
			name = ZFTests;
			productName = ZFTests;
			productReference = 6AEC49331DD834A9005AEDB4 /* ZFTests.xctest */;
			productType = "com.apple.product-type.bundle.unit-test";
		};
		6AEC493D1DD834A9005AEDB4 /* ZFUITests */ = {
			isa = PBXNativeTarget;
			buildConfigurationList = 6AEC494D1DD834A9005AEDB4 /* Build configuration list for PBXNativeTarget "ZFUITests" */;
			buildPhases = (
				6AEC493A1DD834A9005AEDB4 /* Sources */,
				6AEC493B1DD834A9005AEDB4 /* Frameworks */,
				6AEC493C1DD834A9005AEDB4 /* Resources */,
			);
			buildRules = (
			);
			dependencies = (
				6AEC49401DD834A9005AEDB4 /* PBXTargetDependency */,
			);
			name = ZFUITests;
			productName = ZFUITests;
			productReference = 6AEC493E1DD834A9005AEDB4 /* ZFUITests.xctest */;
			productType = "com.apple.product-type.bundle.ui-testing";
		};
/* End PBXNativeTarget section */

/* Begin PBXProject section */
		6AEC49121DD834A9005AEDB4 /* Project object */ = {
			isa = PBXProject;
			attributes = {
				LastUpgradeCheck = 0800;
				ORGANIZATIONNAME = lisa;
				TargetAttributes = {
					6AEC49191DD834A9005AEDB4 = {
						CreatedOnToolsVersion = 8.0;
						ProvisioningStyle = Automatic;
					};
					6AEC49321DD834A9005AEDB4 = {
						CreatedOnToolsVersion = 8.0;
						ProvisioningStyle = Automatic;
						TestTargetID = 6AEC49191DD834A9005AEDB4;
					};
					6AEC493D1DD834A9005AEDB4 = {
						CreatedOnToolsVersion = 8.0;
						ProvisioningStyle = Automatic;
						TestTargetID = 6AEC49191DD834A9005AEDB4;
					};
				};
			};
			buildConfigurationList = 6AEC49151DD834A9005AEDB4 /* Build configuration list for PBXProject "ZF" */;
			compatibilityVersion = "Xcode 3.2";
			developmentRegion = English;
			hasScannedForEncodings = 0;
			knownRegions = (
				en,
				Base,
			);
			mainGroup = 6AEC49111DD834A9005AEDB4;
			productRefGroup = 6AEC491B1DD834A9005AEDB4 /* Products */;
			projectDirPath = "";
			projectRoot = "";
			targets = (
				6AEC49191DD834A9005AEDB4 /* ZF */,
				6AEC49321DD834A9005AEDB4 /* ZFTests */,
				6AEC493D1DD834A9005AEDB4 /* ZFUITests */,
			);
		};
/* End PBXProject section */

/* Begin PBXResourcesBuildPhase section */
		6AEC49181DD834A9005AEDB4 /* Resources */ = {
			isa = PBXResourcesBuildPhase;
			buildActionMask = 2147483647;
			files = (
				6AEC492D1DD834A9005AEDB4 /* LaunchScreen.storyboard in Resources */,
				6AEC492A1DD834A9005AEDB4 /* Assets.xcassets in Resources */,
				6AEC49661DD87295005AEDB4 /* ForthViewController.xib in Resources */,
				6AEC49641DD85851005AEDB4 /* ThirdViewController.xib in Resources */,
				6AEC49281DD834A9005AEDB4 /* Main.storyboard in Resources */,
				6AEC495A1DD83CBE005AEDB4 /* FirstViewController.xib in Resources */,
				6AEC495C1DD84C47005AEDB4 /* SecondViewController.xib in Resources */,
			);
			runOnlyForDeploymentPostprocessing = 0;
		};
		6AEC49311DD834A9005AEDB4 /* Resources */ = {
			isa = PBXResourcesBuildPhase;
			buildActionMask = 2147483647;
			files = (
			);
			runOnlyForDeploymentPostprocessing = 0;
		};
		6AEC493C1DD834A9005AEDB4 /* Resources */ = {
			isa = PBXResourcesBuildPhase;
			buildActionMask = 2147483647;
			files = (
			);
			runOnlyForDeploymentPostprocessing = 0;
		};
/* End PBXResourcesBuildPhase section */

/* Begin PBXSourcesBuildPhase section */
		6AEC49161DD834A9005AEDB4 /* Sources */ = {
			isa = PBXSourcesBuildPhase;
			buildActionMask = 2147483647;
			files = (
				6AEC496C1DD873E8005AEDB4 /* FifthViewController.m in Sources */,
				6AEC495F1DD84E0B005AEDB4 /* SecondViewController.m in Sources */,
				6AEC49251DD834A9005AEDB4 /* ViewController.m in Sources */,
				6AEC49631DD85851005AEDB4 /* ThirdViewController.m in Sources */,
				6AEC49221DD834A9005AEDB4 /* AppDelegate.m in Sources */,
				6AEC491F1DD834A9005AEDB4 /* main.m in Sources */,
				6AEC49691DD872DE005AEDB4 /* ForthViewController.m in Sources */,
				6AEC49591DD83CBE005AEDB4 /* FirstViewController.m in Sources */,
			);
			runOnlyForDeploymentPostprocessing = 0;
		};
		6AEC492F1DD834A9005AEDB4 /* Sources */ = {
			isa = PBXSourcesBuildPhase;
			buildActionMask = 2147483647;
			files = (
				6AEC49381DD834A9005AEDB4 /* ZFTests.m in Sources */,
			);
			runOnlyForDeploymentPostprocessing = 0;
		};
		6AEC493A1DD834A9005AEDB4 /* Sources */ = {
			isa = PBXSourcesBuildPhase;
			buildActionMask = 2147483647;
			files = (
				6AEC49431DD834A9005AEDB4 /* ZFUITests.m in Sources */,
			);
			runOnlyForDeploymentPostprocessing = 0;
		};
/* End PBXSourcesBuildPhase section */

/* Begin PBXTargetDependency section */
		6AEC49351DD834A9005AEDB4 /* PBXTargetDependency */ = {
			isa = PBXTargetDependency;
			target = 6AEC49191DD834A9005AEDB4 /* ZF */;
			targetProxy = 6AEC49341DD834A9005AEDB4 /* PBXContainerItemProxy */;
		};
		6AEC49401DD834A9005AEDB4 /* PBXTargetDependency */ = {
			isa = PBXTargetDependency;
			target = 6AEC49191DD834A9005AEDB4 /* ZF */;
			targetProxy = 6AEC493F1DD834A9005AEDB4 /* PBXContainerItemProxy */;
		};
/* End PBXTargetDependency section */

/* Begin PBXVariantGroup section */
		6AEC49261DD834A9005AEDB4 /* Main.storyboard */ = {
			isa = PBXVariantGroup;
			children = (
				6AEC49271DD834A9005AEDB4 /* Base */,
			);
			name = Main.storyboard;
			sourceTree = "<group>";
		};
		6AEC492B1DD834A9005AEDB4 /* LaunchScreen.storyboard */ = {
			isa = PBXVariantGroup;
			children = (
				6AEC492C1DD834A9005AEDB4 /* Base */,
			);
			name = LaunchScreen.storyboard;
			sourceTree = "<group>";
		};
/* End PBXVariantGroup section */

/* Begin XCBuildConfiguration section */
		6AEC49451DD834A9005AEDB4 /* Debug */ = {
			isa = XCBuildConfiguration;
			buildSettings = {
				ALWAYS_SEARCH_USER_PATHS = NO;
				CLANG_ANALYZER_NONNULL = YES;
				CLANG_CXX_LANGUAGE_STANDARD = "gnu++0x";
				CLANG_CXX_LIBRARY = "libc++";
				CLANG_ENABLE_MODULES = YES;
				CLANG_ENABLE_OBJC_ARC = YES;
				CLANG_WARN_BOOL_CONVERSION = YES;
				CLANG_WARN_CONSTANT_CONVERSION = YES;
				CLANG_WARN_DIRECT_OBJC_ISA_USAGE = YES_ERROR;
				CLANG_WARN_DOCUMENTATION_COMMENTS = YES;
				CLANG_WARN_EMPTY_BODY = YES;
				CLANG_WARN_ENUM_CONVERSION = YES;
				CLANG_WARN_INFINITE_RECURSION = YES;
				CLANG_WARN_INT_CONVERSION = YES;
				CLANG_WARN_OBJC_ROOT_CLASS = YES_ERROR;
				CLANG_WARN_SUSPICIOUS_MOVES = YES;
				CLANG_WARN_UNREACHABLE_CODE = YES;
				CLANG_WARN__DUPLICATE_METHOD_MATCH = YES;
				"CODE_SIGN_IDENTITY[sdk=iphoneos*]" = "iPhone Developer";
				COPY_PHASE_STRIP = NO;
				DEBUG_INFORMATION_FORMAT = dwarf;
				ENABLE_STRICT_OBJC_MSGSEND = YES;
				ENABLE_TESTABILITY = YES;
				GCC_C_LANGUAGE_STANDARD = gnu99;
				GCC_DYNAMIC_NO_PIC = NO;
				GCC_NO_COMMON_BLOCKS = YES;
				GCC_OPTIMIZATION_LEVEL = 0;
				GCC_PREPROCESSOR_DEFINITIONS = (
					"DEBUG=1",
					"$(inherited)",
				);
				GCC_WARN_64_TO_32_BIT_CONVERSION = YES;
				GCC_WARN_ABOUT_RETURN_TYPE = YES_ERROR;
				GCC_WARN_UNDECLARED_SELECTOR = YES;
				GCC_WARN_UNINITIALIZED_AUTOS = YES_AGGRESSIVE;
				GCC_WARN_UNUSED_FUNCTION = YES;
				GCC_WARN_UNUSED_VARIABLE = YES;
				IPHONEOS_DEPLOYMENT_TARGET = 10.0;
				MTL_ENABLE_DEBUG_INFO = YES;
				ONLY_ACTIVE_ARCH = YES;
				SDKROOT = iphoneos;
				TARGETED_DEVICE_FAMILY = "1,2";
			};
			name = Debug;
		};
		6AEC49461DD834A9005AEDB4 /* Release */ = {
			isa = XCBuildConfiguration;
			buildSettings = {
				ALWAYS_SEARCH_USER_PATHS = NO;
				CLANG_ANALYZER_NONNULL = YES;
				CLANG_CXX_LANGUAGE_STANDARD = "gnu++0x";
				CLANG_CXX_LIBRARY = "libc++";
				CLANG_ENABLE_MODULES = YES;
				CLANG_ENABLE_OBJC_ARC = YES;
				CLANG_WARN_BOOL_CONVERSION = YES;
				CLANG_WARN_CONSTANT_CONVERSION = YES;
				CLANG_WARN_DIRECT_OBJC_ISA_USAGE = YES_ERROR;
				CLANG_WARN_DOCUMENTATION_COMMENTS = YES;
				CLANG_WARN_EMPTY_BODY = YES;
				CLANG_WARN_ENUM_CONVERSION = YES;
				CLANG_WARN_INFINITE_RECURSION = YES;
				CLANG_WARN_INT_CONVERSION = YES;
				CLANG_WARN_OBJC_ROOT_CLASS = YES_ERROR;
				CLANG_WARN_SUSPICIOUS_MOVES = YES;
				CLANG_WARN_UNREACHABLE_CODE = YES;
				CLANG_WARN__DUPLICATE_METHOD_MATCH = YES;
				"CODE_SIGN_IDENTITY[sdk=iphoneos*]" = "iPhone Developer";
				COPY_PHASE_STRIP = NO;
				DEBUG_INFORMATION_FORMAT = "dwarf-with-dsym";
				ENABLE_NS_ASSERTIONS = NO;
				ENABLE_STRICT_OBJC_MSGSEND = YES;
				GCC_C_LANGUAGE_STANDARD = gnu99;
				GCC_NO_COMMON_BLOCKS = YES;
				GCC_WARN_64_TO_32_BIT_CONVERSION = YES;
				GCC_WARN_ABOUT_RETURN_TYPE = YES_ERROR;
				GCC_WARN_UNDECLARED_SELECTOR = YES;
				GCC_WARN_UNINITIALIZED_AUTOS = YES_AGGRESSIVE;
				GCC_WARN_UNUSED_FUNCTION = YES;
				GCC_WARN_UNUSED_VARIABLE = YES;
				IPHONEOS_DEPLOYMENT_TARGET = 10.0;
				MTL_ENABLE_DEBUG_INFO = NO;
				SDKROOT = iphoneos;
				TARGETED_DEVICE_FAMILY = "1,2";
				VALIDATE_PRODUCT = YES;
			};
			name = Release;
		};
		6AEC49481DD834A9005AEDB4 /* Debug */ = {
			isa = XCBuildConfiguration;
			buildSettings = {
				ASSETCATALOG_COMPILER_APPICON_NAME = AppIcon;
				INFOPLIST_FILE = ZF/Info.plist;
				LD_RUNPATH_SEARCH_PATHS = "$(inherited) @executable_path/Frameworks";
				PRODUCT_BUNDLE_IDENTIFIER = favalue.com.ZF;
				PRODUCT_NAME = "$(TARGET_NAME)";
			};
			name = Debug;
		};
		6AEC49491DD834A9005AEDB4 /* Release */ = {
			isa = XCBuildConfiguration;
			buildSettings = {
				ASSETCATALOG_COMPILER_APPICON_NAME = AppIcon;
				INFOPLIST_FILE = ZF/Info.plist;
				LD_RUNPATH_SEARCH_PATHS = "$(inherited) @executable_path/Frameworks";
				PRODUCT_BUNDLE_IDENTIFIER = favalue.com.ZF;
				PRODUCT_NAME = "$(TARGET_NAME)";
			};
			name = Release;
		};
		6AEC494B1DD834A9005AEDB4 /* Debug */ = {
			isa = XCBuildConfiguration;
			buildSettings = {
				BUNDLE_LOADER = "$(TEST_HOST)";
				INFOPLIST_FILE = ZFTests/Info.plist;
				LD_RUNPATH_SEARCH_PATHS = "$(inherited) @executable_path/Frameworks @loader_path/Frameworks";
				PRODUCT_BUNDLE_IDENTIFIER = favalue.com.ZFTests;
				PRODUCT_NAME = "$(TARGET_NAME)";
				TEST_HOST = "$(BUILT_PRODUCTS_DIR)/ZF.app/ZF";
			};
			name = Debug;
		};
		6AEC494C1DD834A9005AEDB4 /* Release */ = {
			isa = XCBuildConfiguration;
			buildSettings = {
				BUNDLE_LOADER = "$(TEST_HOST)";
				INFOPLIST_FILE = ZFTests/Info.plist;
				LD_RUNPATH_SEARCH_PATHS = "$(inherited) @executable_path/Frameworks @loader_path/Frameworks";
				PRODUCT_BUNDLE_IDENTIFIER = favalue.com.ZFTests;
				PRODUCT_NAME = "$(TARGET_NAME)";
				TEST_HOST = "$(BUILT_PRODUCTS_DIR)/ZF.app/ZF";
			};
			name = Release;
		};
		6AEC494E1DD834A9005AEDB4 /* Debug */ = {
			isa = XCBuildConfiguration;
			buildSettings = {
				INFOPLIST_FILE = ZFUITests/Info.plist;
				LD_RUNPATH_SEARCH_PATHS = "$(inherited) @executable_path/Frameworks @loader_path/Frameworks";
				PRODUCT_BUNDLE_IDENTIFIER = favalue.com.ZFUITests;
				PRODUCT_NAME = "$(TARGET_NAME)";
				TEST_TARGET_NAME = ZF;
			};
			name = Debug;
		};
		6AEC494F1DD834A9005AEDB4 /* Release */ = {
			isa = XCBuildConfiguration;
			buildSettings = {
				INFOPLIST_FILE = ZFUITests/Info.plist;
				LD_RUNPATH_SEARCH_PATHS = "$(inherited) @executable_path/Frameworks @loader_path/Frameworks";
				PRODUCT_BUNDLE_IDENTIFIER = favalue.com.ZFUITests;
				PRODUCT_NAME = "$(TARGET_NAME)";
				TEST_TARGET_NAME = ZF;
			};
			name = Release;
		};
/* End XCBuildConfiguration section */

/* Begin XCConfigurationList section */
		6AEC49151DD834A9005AEDB4 /* Build configuration list for PBXProject "ZF" */ = {
			isa = XCConfigurationList;
			buildConfigurations = (
				6AEC49451DD834A9005AEDB4 /* Debug */,
				6AEC49461DD834A9005AEDB4 /* Release */,
			);
			defaultConfigurationIsVisible = 0;
			defaultConfigurationName = Release;
		};
		6AEC49471DD834A9005AEDB4 /* Build configuration list for PBXNativeTarget "ZF" */ = {
			isa = XCConfigurationList;
			buildConfigurations = (
				6AEC49481DD834A9005AEDB4 /* Debug */,
				6AEC49491DD834A9005AEDB4 /* Release */,
			);
			defaultConfigurationIsVisible = 0;
			defaultConfigurationName = Release;
		};
		6AEC494A1DD834A9005AEDB4 /* Build configuration list for PBXNativeTarget "ZFTests" */ = {
			isa = XCConfigurationList;
			buildConfigurations = (
				6AEC494B1DD834A9005AEDB4 /* Debug */,
				6AEC494C1DD834A9005AEDB4 /* Release */,
			);
			defaultConfigurationIsVisible = 0;
			defaultConfigurationName = Release;
		};
		6AEC494D1DD834A9005AEDB4 /* Build configuration list for PBXNativeTarget "ZFUITests" */ = {
			isa = XCConfigurationList;
			buildConfigurations = (
				6AEC494E1DD834A9005AEDB4 /* Debug */,
				6AEC494F1DD834A9005AEDB4 /* Release */,
			);
			defaultConfigurationIsVisible = 0;
			defaultConfigurationName = Release;
		};
/* End XCConfigurationList section */
	};
	rootObject = 6AEC49121DD834A9005AEDB4 /* Project object */;
}
